<?xml version="1.0" encoding="utf-8"?>
<Project ToolsVersion="4.0" xmlns="http://schemas.microsoft.com/developer/msbuild/2003">
  <ItemGroup>
    <ClCompile Include="GameLoop.cpp" />
    <ClCompile Include="GDLibrary.cpp" />
    <ClCompile Include="Hex.cpp" />
    <ClCompile Include="LoseScreen.cpp" />
    <ClCompile Include="MainMenu.cpp" />
    <ClCompile Include="Player.cpp" />
    <ClCompile Include="SceneManager.cpp" />
    <ClCompile Include="GameTimer.cpp" />
  </ItemGroup>
  <ItemGroup>
    <ClInclude Include="GameLoop.h" />
    <ClInclude Include="Hex.h" />
    <ClInclude Include="LoseScreen.h" />
    <ClInclude Include="MainMenu.h" />
    <ClInclude Include="Player.h" />
    <ClInclude Include="SceneManager.h" />
    <ClInclude Include="GameTimer.h" />
  </ItemGroup>
</Project>